# This file is autogenerated, do not edit; changes may be undone by the next 'dep ensure'.


[[projects]]
  branch = "master"
  name = "github.com/otiai10/gosseract"
  packages = [".","tesseract"]
  revision = "1c3dfccf6d4fdb4447642ef287a541b7112fa95b"

[[projects]]
  branch = "v2"
  name = "gopkg.in/mgo.v2"
  packages = [".","bson","internal/json","internal/sasl","internal/scram"]
  revision = "3f83fa5005286a7fe593b055f0d7771a7dce4655"

[solve-meta]
  analyzer-name = "dep"
  analyzer-version = 1
  inputs-digest = "35bb75a6520edacd42da34b08fe64eeb27eafe2708b0e57c684cfac46f2e5555"
  solver-name = "gps-cdcl"
  solver-version = 1
