# This file is autogenerated, do not edit; changes may be undone by the next 'dep ensure'.


[[projects]]
  name = "github.com/dgrijalva/jwt-go"
  packages = ["."]
  revision = "dbeaa9332f19a944acb5736b4456cfcc02140e29"
  version = "v3.1.0"

[[projects]]
  branch = "master"
  name = "github.com/otiai10/gosseract"
  packages = [".","tesseract"]
  revision = "1c3dfccf6d4fdb4447642ef287a541b7112fa95b"

[[projects]]
  branch = "v2"
  name = "gopkg.in/mgo.v2"
  packages = [".","bson","internal/json","internal/sasl","internal/scram"]
  revision = "3f83fa5005286a7fe593b055f0d7771a7dce4655"

[solve-meta]
  analyzer-name = "dep"
  analyzer-version = 1
  inputs-digest = "d7be18fc437ed89c53bc646e0ee717bc38b894abb302ef86dc79714d662b0c77"
  solver-name = "gps-cdcl"
  solver-version = 1
